Microsoft Visual Studio Solution File, Format Version 12.00
# Visual Studio Version 17
VisualStudioVersion = 17.5.2.0
MinimumVisualStudioVersion = 10.0.40219.1
Project("{FAE04EC0-301F-11D3-BF4B-00C04F79EFBC}") = "asp_hub_kt5", "asp_hub_kt5.csproj", "{06DE3EFF-9CB7-E6A4-F7C0-17BC0F9D205E}"
EndProject
Global
	GlobalSection(SolutionConfigurationPlatforms) = preSolution
		Debug|Any CPU = Debug|Any CPU
		Release|Any CPU = Release|Any CPU
	EndGlobalSection
	GlobalSection(ProjectConfigurationPlatforms) = postSolution
		{06DE3EFF-9CB7-E6A4-F7C0-17BC0F9D205E}.Debug|Any CPU.ActiveCfg = Debug|Any CPU
		{06DE3EFF-9CB7-E6A4-F7C0-17BC0F9D205E}.Debug|Any CPU.Build.0 = Debug|Any CPU
		{06DE3EFF-9CB7-E6A4-F7C0-17BC0F9D205E}.Release|Any CPU.ActiveCfg = Release|Any CPU
		{06DE3EFF-9CB7-E6A4-F7C0-17BC0F9D205E}.Release|Any CPU.Build.0 = Release|Any CPU
	EndGlobalSection
	GlobalSection(SolutionProperties) = preSolution
		HideSolutionNode = FALSE
	EndGlobalSection
	GlobalSection(ExtensibilityGlobals) = postSolution
		SolutionGuid = {588AE06C-47A7-47C7-9905-3CF43734C125}
	EndGlobalSection
EndGlobal
